
Microsoft Visual Studio Solution File, Format Version 12.00
# Visual Studio Version 17
VisualStudioVersion = 17.1.32319.34
MinimumVisualStudioVersion = 10.0.40219.1
Project("{FAE04EC0-301F-11D3-BF4B-00C04F79EFBC}") = "CarsCURDMVCDotNetCor", "CarsCURDMVCDotNetCor\CarsCURDMVCDotNetCor.csproj", "{58628345-D9F1-4BFD-82E8-2D3EB53AF9E2}"
EndProject
Global
	GlobalSection(SolutionConfigurationPlatforms) = preSolution
		Debug|Any CPU = Debug|Any CPU
		Release|Any CPU = Release|Any CPU
	EndGlobalSection
	GlobalSection(ProjectConfigurationPlatforms) = postSolution
		{58628345-D9F1-4BFD-82E8-2D3EB53AF9E2}.Debug|Any CPU.ActiveCfg = Debug|Any CPU
		{58628345-D9F1-4BFD-82E8-2D3EB53AF9E2}.Debug|Any CPU.Build.0 = Debug|Any CPU
		{58628345-D9F1-4BFD-82E8-2D3EB53AF9E2}.Release|Any CPU.ActiveCfg = Release|Any CPU
		{58628345-D9F1-4BFD-82E8-2D3EB53AF9E2}.Release|Any CPU.Build.0 = Release|Any CPU
	EndGlobalSection
	GlobalSection(SolutionProperties) = preSolution
		HideSolutionNode = FALSE
	EndGlobalSection
	GlobalSection(ExtensibilityGlobals) = postSolution
		SolutionGuid = {67F4835D-3530-4AA3-9475-366794C023CC}
	EndGlobalSection
EndGlobal
